{
  "version": 4,
  "terraform_version": "1.14.6",
  "serial": 4,
  "lineage": "f0adb87d-5028-3ed0-6aa9-18c4110b0e2f",
  "outputs": {},
  "resources": [
    {
      "mode": "managed",
      "type": "helm_release",
      "name": "argocd",
      "provider": "provider[\"registry.terraform.io/hashicorp/helm\"]",
      "instances": [
        {
          "schema_version": 1,
          "attributes": {
            "atomic": false,
            "chart": "argo-cd",
            "cleanup_on_fail": false,
            "create_namespace": true,
            "dependency_update": false,
            "description": null,
            "devel": null,
            "disable_crd_hooks": false,
            "disable_openapi_validation": false,
            "disable_webhooks": false,
            "force_update": false,
            "id": "argocd",
            "keyring": null,
            "lint": false,
            "manifest": null,
            "max_history": 0,
            "metadata": [
              {
                "app_version": "v2.11.3",
                "chart": "argo-cd",
                "name": "argocd",
                "namespace": "argocd",
                "revision": 1,
                "values": "{}",
                "version": "7.3.0"
              }
            ],
            "name": "argocd",
            "namespace": "argocd",
            "pass_credentials": false,
            "postrender": [],
            "recreate_pods": false,
            "render_subchart_notes": true,
            "replace": false,
            "repository": "https://argoproj.github.io/argo-helm",
            "repository_ca_file": null,
            "repository_cert_file": null,
            "repository_key_file": null,
            "repository_password": null,
            "repository_username": null,
            "reset_values": false,
            "reuse_values": false,
            "set": [],
            "set_list": [],
            "set_sensitive": [],
            "skip_crds": false,
            "status": "deployed",
            "timeout": 300,
            "values": null,
            "verify": false,
            "version": "7.3.0",
            "wait": true,
            "wait_for_jobs": false
          },
          "sensitive_attributes": [
            [
              {
                "type": "get_attr",
                "value": "repository_password"
              }
            ]
          ],
          "identity_schema_version": 0,
          "private": "eyJzY2hlbWFfdmVyc2lvbiI6IjEifQ==",
          "dependencies": [
            "null_resource.k3d_cluster"
          ]
        }
      ]
    },
    {
      "mode": "managed",
      "type": "kubectl_manifest",
      "name": "root_app",
      "provider": "provider[\"registry.terraform.io/gavinbunney/kubectl\"]",
      "instances": [
        {
          "schema_version": 1,
          "attributes": {
            "api_version": "argoproj.io/v1alpha1",
            "apply_only": false,
            "force_conflicts": false,
            "force_new": false,
            "id": "/apis/argoproj.io/v1alpha1/namespaces/argocd/applications/root-observability-app",
            "ignore_fields": null,
            "kind": "Application",
            "live_manifest_incluster": "df0e73e2564bbdcc80c0b225796ce09c23c7c44a21f30dc858dd08df1d55808a",
            "live_uid": "f6aed3a1-0626-4d5f-bfff-35c905f73870",
            "name": "root-observability-app",
            "namespace": "argocd",
            "override_namespace": null,
            "sensitive_fields": null,
            "server_side_apply": false,
            "timeouts": null,
            "uid": "f6aed3a1-0626-4d5f-bfff-35c905f73870",
            "validate_schema": true,
            "wait": null,
            "wait_for_rollout": true,
            "yaml_body": "apiVersion: argoproj.io/v1alpha1\r\nkind: Application\r\nmetadata:\r\n  name: root-observability-app\r\n  namespace: argocd\r\n  finalizers:\r\n    - resources-finalizer.argocd.argoproj.io\r\nspec:\r\n  project: default\r\n  source:\r\n    repoURL: 'https://github.com/swamyvaditya/k3d-observability-lab.git' # Update with your actual repo URL\r\n    targetRevision: main\r\n    path: apps/monitoring\r\n  destination:\r\n    server: 'https://kubernetes.default.svc'\r\n    namespace: monitoring\r\n  syncPolicy:\r\n    automated:\r\n      prune: true\r\n      selfHeal: true\r\n    syncOptions:\r\n      - CreateNamespace=true",
            "yaml_body_parsed": "apiVersion: argoproj.io/v1alpha1\nkind: Application\nmetadata:\n  finalizers:\n  - resources-finalizer.argocd.argoproj.io\n  name: root-observability-app\n  namespace: argocd\nspec:\n  destination:\n    namespace: monitoring\n    server: https://kubernetes.default.svc\n  project: default\n  source:\n    path: apps/monitoring\n    repoURL: https://github.com/swamyvaditya/k3d-observability-lab.git\n    targetRevision: main\n  syncPolicy:\n    automated:\n      prune: true\n      selfHeal: true\n    syncOptions:\n    - CreateNamespace=true\n",
            "yaml_incluster": "df0e73e2564bbdcc80c0b225796ce09c23c7c44a21f30dc858dd08df1d55808a"
          },
          "sensitive_attributes": [
            [
              {
                "type": "get_attr",
                "value": "live_manifest_incluster"
              }
            ],
            [
              {
                "type": "get_attr",
                "value": "yaml_body"
              }
            ],
            [
              {
                "type": "get_attr",
                "value": "yaml_incluster"
              }
            ]
          ],
          "identity_schema_version": 0,
          "private": "eyJlMmJmYjczMC1lY2FhLTExZTYtOGY4OC0zNDM2M2JjN2M0YzAiOnsiY3JlYXRlIjo2MDAwMDAwMDAwMDB9LCJzY2hlbWFfdmVyc2lvbiI6IjEifQ==",
          "dependencies": [
            "helm_release.argocd",
            "null_resource.k3d_cluster"
          ]
        }
      ]
    },
    {
      "mode": "managed",
      "type": "null_resource",
      "name": "k3d_cluster",
      "provider": "provider[\"registry.terraform.io/hashicorp/null\"]",
      "instances": [
        {
          "schema_version": 0,
          "attributes": {
            "id": "1496535059937478201",
            "triggers": null
          },
          "sensitive_attributes": [],
          "identity_schema_version": 0
        }
      ]
    }
  ],
  "check_results": null
}
